// !$*UTF8*$!
{
	archiveVersion = 1;
	classes = {
	};
	objectVersion = 46;
	objects = {

/* Begin PBXBuildFile section */
		C70D25D81CF1045300478952 /* AppDelegate.swift in Sources */ = {isa = PBXBuildFile; fileRef = C70D25D71CF1045300478952 /* AppDelegate.swift */; };
		C70D25DF1CF1045300478952 /* Assets.xcassets in Resources */ = {isa = PBXBuildFile; fileRef = C70D25DE1CF1045300478952 /* Assets.xcassets */; };
		C70D25E21CF1045300478952 /* LaunchScreen.storyboard in Resources */ = {isa = PBXBuildFile; fileRef = C70D25E01CF1045300478952 /* LaunchScreen.storyboard */; };
		C70D25EC1CF10A2200478952 /* Login.storyboard in Resources */ = {isa = PBXBuildFile; fileRef = C70D25EB1CF10A2200478952 /* Login.storyboard */; };
		C70D25EE1CF10B9800478952 /* LoginViewController.swift in Sources */ = {isa = PBXBuildFile; fileRef = C70D25ED1CF10B9800478952 /* LoginViewController.swift */; };
		C73FB08F1CF223AB0088CA8D /* InicioViewController.swift in Sources */ = {isa = PBXBuildFile; fileRef = C73FB08E1CF223AB0088CA8D /* InicioViewController.swift */; };
		C73FB0911CF224010088CA8D /* DetalleViewController.swift in Sources */ = {isa = PBXBuildFile; fileRef = C73FB0901CF224010088CA8D /* DetalleViewController.swift */; };
		C73FB0931CF225410088CA8D /* Inicio.storyboard in Resources */ = {isa = PBXBuildFile; fileRef = C73FB0921CF225410088CA8D /* Inicio.storyboard */; };
/* End PBXBuildFile section */

/* Begin PBXFileReference section */
		C70D25D41CF1045200478952 /* simpleLogin.app */ = {isa = PBXFileReference; explicitFileType = wrapper.application; includeInIndex = 0; path = simpleLogin.app; sourceTree = BUILT_PRODUCTS_DIR; };
		C70D25D71CF1045300478952 /* AppDelegate.swift */ = {isa = PBXFileReference; lastKnownFileType = sourcecode.swift; path = AppDelegate.swift; sourceTree = "<group>"; };
		C70D25DE1CF1045300478952 /* Assets.xcassets */ = {isa = PBXFileReference; lastKnownFileType = folder.assetcatalog; path = Assets.xcassets; sourceTree = "<group>"; };
		C70D25E11CF1045300478952 /* Base */ = {isa = PBXFileReference; lastKnownFileType = file.storyboard; name = Base; path = Base.lproj/LaunchScreen.storyboard; sourceTree = "<group>"; };
		C70D25E31CF1045300478952 /* Info.plist */ = {isa = PBXFileReference; lastKnownFileType = text.plist.xml; path = Info.plist; sourceTree = "<group>"; };
		C70D25EB1CF10A2200478952 /* Login.storyboard */ = {isa = PBXFileReference; fileEncoding = 4; lastKnownFileType = file.storyboard; path = Login.storyboard; sourceTree = "<group>"; };
		C70D25ED1CF10B9800478952 /* LoginViewController.swift */ = {isa = PBXFileReference; fileEncoding = 4; lastKnownFileType = sourcecode.swift; path = LoginViewController.swift; sourceTree = "<group>"; };
		C73FB08E1CF223AB0088CA8D /* InicioViewController.swift */ = {isa = PBXFileReference; fileEncoding = 4; lastKnownFileType = sourcecode.swift; path = InicioViewController.swift; sourceTree = "<group>"; };
		C73FB0901CF224010088CA8D /* DetalleViewController.swift */ = {isa = PBXFileReference; fileEncoding = 4; lastKnownFileType = sourcecode.swift; path = DetalleViewController.swift; sourceTree = "<group>"; };
		C73FB0921CF225410088CA8D /* Inicio.storyboard */ = {isa = PBXFileReference; fileEncoding = 4; lastKnownFileType = file.storyboard; path = Inicio.storyboard; sourceTree = "<group>"; };
/* End PBXFileReference section */

/* Begin PBXFrameworksBuildPhase section */
		C70D25D11CF1045200478952 /* Frameworks */ = {
			isa = PBXFrameworksBuildPhase;
			buildActionMask = 2147483647;
			files = (
			);
			runOnlyForDeploymentPostprocessing = 0;
		};
/* End PBXFrameworksBuildPhase section */

/* Begin PBXGroup section */
		C70D25CB1CF1045200478952 = {
			isa = PBXGroup;
			children = (
				C70D25D61CF1045300478952 /* simpleLogin */,
				C70D25D51CF1045200478952 /* Products */,
			);
			sourceTree = "<group>";
		};
		C70D25D51CF1045200478952 /* Products */ = {
			isa = PBXGroup;
			children = (
				C70D25D41CF1045200478952 /* simpleLogin.app */,
			);
			name = Products;
			sourceTree = "<group>";
		};
		C70D25D61CF1045300478952 /* simpleLogin */ = {
			isa = PBXGroup;
			children = (
				C70D25DE1CF1045300478952 /* Assets.xcassets */,
				C70D25D71CF1045300478952 /* AppDelegate.swift */,
				C70D25ED1CF10B9800478952 /* LoginViewController.swift */,
				C73FB08E1CF223AB0088CA8D /* InicioViewController.swift */,
				C73FB0901CF224010088CA8D /* DetalleViewController.swift */,
				C73FB0921CF225410088CA8D /* Inicio.storyboard */,
				C70D25E01CF1045300478952 /* LaunchScreen.storyboard */,
				C70D25EB1CF10A2200478952 /* Login.storyboard */,
				C70D25E31CF1045300478952 /* Info.plist */,
			);
			path = simpleLogin;
			sourceTree = "<group>";
		};
/* End PBXGroup section */

/* Begin PBXNativeTarget section */
		C70D25D31CF1045200478952 /* simpleLogin */ = {
			isa = PBXNativeTarget;
			buildConfigurationList = C70D25E61CF1045300478952 /* Build configuration list for PBXNativeTarget "simpleLogin" */;
			buildPhases = (
				C70D25D01CF1045200478952 /* Sources */,
				C70D25D11CF1045200478952 /* Frameworks */,
				C70D25D21CF1045200478952 /* Resources */,
			);
			buildRules = (
			);
			dependencies = (
			);
			name = simpleLogin;
			productName = simpleLogin;
			productReference = C70D25D41CF1045200478952 /* simpleLogin.app */;
			productType = "com.apple.product-type.application";
		};
/* End PBXNativeTarget section */

/* Begin PBXProject section */
		C70D25CC1CF1045200478952 /* Project object */ = {
			isa = PBXProject;
			attributes = {
				LastSwiftUpdateCheck = 0730;
				LastUpgradeCheck = 0800;
				ORGANIZATIONNAME = "Rober Martinez";
				TargetAttributes = {
					C70D25D31CF1045200478952 = {
						CreatedOnToolsVersion = 7.3.1;
						LastSwiftMigration = 0800;
					};
				};
			};
			buildConfigurationList = C70D25CF1CF1045200478952 /* Build configuration list for PBXProject "simpleLogin" */;
			compatibilityVersion = "Xcode 3.2";
			developmentRegion = English;
			hasScannedForEncodings = 0;
			knownRegions = (
				en,
				Base,
			);
			mainGroup = C70D25CB1CF1045200478952;
			productRefGroup = C70D25D51CF1045200478952 /* Products */;
			projectDirPath = "";
			projectRoot = "";
			targets = (
				C70D25D31CF1045200478952 /* simpleLogin */,
			);
		};
/* End PBXProject section */

/* Begin PBXResourcesBuildPhase section */
		C70D25D21CF1045200478952 /* Resources */ = {
			isa = PBXResourcesBuildPhase;
			buildActionMask = 2147483647;
			files = (
				C70D25E21CF1045300478952 /* LaunchScreen.storyboard in Resources */,
				C70D25DF1CF1045300478952 /* Assets.xcassets in Resources */,
				C70D25EC1CF10A2200478952 /* Login.storyboard in Resources */,
				C73FB0931CF225410088CA8D /* Inicio.storyboard in Resources */,
			);
			runOnlyForDeploymentPostprocessing = 0;
		};
/* End PBXResourcesBuildPhase section */

/* Begin PBXSourcesBuildPhase section */
		C70D25D01CF1045200478952 /* Sources */ = {
			isa = PBXSourcesBuildPhase;
			buildActionMask = 2147483647;
			files = (
				C73FB0911CF224010088CA8D /* DetalleViewController.swift in Sources */,
				C70D25EE1CF10B9800478952 /* LoginViewController.swift in Sources */,
				C73FB08F1CF223AB0088CA8D /* InicioViewController.swift in Sources */,
				C70D25D81CF1045300478952 /* AppDelegate.swift in Sources */,
			);
			runOnlyForDeploymentPostprocessing = 0;
		};
/* End PBXSourcesBuildPhase section */

/* Begin PBXVariantGroup section */
		C70D25E01CF1045300478952 /* LaunchScreen.storyboard */ = {
			isa = PBXVariantGroup;
			children = (
				C70D25E11CF1045300478952 /* Base */,
			);
			name = LaunchScreen.storyboard;
			sourceTree = "<group>";
		};
/* End PBXVariantGroup section */

/* Begin XCBuildConfiguration section */
		C70D25E41CF1045300478952 /* Debug */ = {
			isa = XCBuildConfiguration;
			buildSettings = {
				ALWAYS_SEARCH_USER_PATHS = NO;
				CLANG_ANALYZER_NONNULL = YES;
				CLANG_CXX_LANGUAGE_STANDARD = "gnu++0x";
				CLANG_CXX_LIBRARY = "libc++";
				CLANG_ENABLE_MODULES = YES;
				CLANG_ENABLE_OBJC_ARC = YES;
				CLANG_WARN_BOOL_CONVERSION = YES;
				CLANG_WARN_CONSTANT_CONVERSION = YES;
				CLANG_WARN_DIRECT_OBJC_ISA_USAGE = YES_ERROR;
				CLANG_WARN_EMPTY_BODY = YES;
				CLANG_WARN_ENUM_CONVERSION = YES;
				CLANG_WARN_INT_CONVERSION = YES;
				CLANG_WARN_OBJC_ROOT_CLASS = YES_ERROR;
				CLANG_WARN_UNREACHABLE_CODE = YES;
				CLANG_WARN__DUPLICATE_METHOD_MATCH = YES;
				"CODE_SIGN_IDENTITY[sdk=iphoneos*]" = "iPhone Developer";
				COPY_PHASE_STRIP = NO;
				DEBUG_INFORMATION_FORMAT = dwarf;
				ENABLE_STRICT_OBJC_MSGSEND = YES;
				ENABLE_TESTABILITY = YES;
				GCC_C_LANGUAGE_STANDARD = gnu99;
				GCC_DYNAMIC_NO_PIC = NO;
				GCC_NO_COMMON_BLOCKS = YES;
				GCC_OPTIMIZATION_LEVEL = 0;
				GCC_PREPROCESSOR_DEFINITIONS = (
					"DEBUG=1",
					"$(inherited)",
				);
				GCC_WARN_64_TO_32_BIT_CONVERSION = YES;
				GCC_WARN_ABOUT_RETURN_TYPE = YES_ERROR;
				GCC_WARN_UNDECLARED_SELECTOR = YES;
				GCC_WARN_UNINITIALIZED_AUTOS = YES_AGGRESSIVE;
				GCC_WARN_UNUSED_FUNCTION = YES;
				GCC_WARN_UNUSED_VARIABLE = YES;
				IPHONEOS_DEPLOYMENT_TARGET = 9.3;
				MTL_ENABLE_DEBUG_INFO = YES;
				ONLY_ACTIVE_ARCH = YES;
				SDKROOT = iphoneos;
				SWIFT_OPTIMIZATION_LEVEL = "-Onone";
				TARGETED_DEVICE_FAMILY = "1,2";
			};
			name = Debug;
		};
		C70D25E51CF1045300478952 /* Release */ = {
			isa = XCBuildConfiguration;
			buildSettings = {
				ALWAYS_SEARCH_USER_PATHS = NO;
				CLANG_ANALYZER_NONNULL = YES;
				CLANG_CXX_LANGUAGE_STANDARD = "gnu++0x";
				CLANG_CXX_LIBRARY = "libc++";
				CLANG_ENABLE_MODULES = YES;
				CLANG_ENABLE_OBJC_ARC = YES;
				CLANG_WARN_BOOL_CONVERSION = YES;
				CLANG_WARN_CONSTANT_CONVERSION = YES;
				CLANG_WARN_DIRECT_OBJC_ISA_USAGE = YES_ERROR;
				CLANG_WARN_EMPTY_BODY = YES;
				CLANG_WARN_ENUM_CONVERSION = YES;
				CLANG_WARN_INT_CONVERSION = YES;
				CLANG_WARN_OBJC_ROOT_CLASS = YES_ERROR;
				CLANG_WARN_UNREACHABLE_CODE = YES;
				CLANG_WARN__DUPLICATE_METHOD_MATCH = YES;
				"CODE_SIGN_IDENTITY[sdk=iphoneos*]" = "iPhone Developer";
				COPY_PHASE_STRIP = NO;
				DEBUG_INFORMATION_FORMAT = "dwarf-with-dsym";
				ENABLE_NS_ASSERTIONS = NO;
				ENABLE_STRICT_OBJC_MSGSEND = YES;
				GCC_C_LANGUAGE_STANDARD = gnu99;
				GCC_NO_COMMON_BLOCKS = YES;
				GCC_WARN_64_TO_32_BIT_CONVERSION = YES;
				GCC_WARN_ABOUT_RETURN_TYPE = YES_ERROR;
				GCC_WARN_UNDECLARED_SELECTOR = YES;
				GCC_WARN_UNINITIALIZED_AUTOS = YES_AGGRESSIVE;
				GCC_WARN_UNUSED_FUNCTION = YES;
				GCC_WARN_UNUSED_VARIABLE = YES;
				IPHONEOS_DEPLOYMENT_TARGET = 9.3;
				MTL_ENABLE_DEBUG_INFO = NO;
				SDKROOT = iphoneos;
				TARGETED_DEVICE_FAMILY = "1,2";
				VALIDATE_PRODUCT = YES;
			};
			name = Release;
		};
		C70D25E71CF1045300478952 /* Debug */ = {
			isa = XCBuildConfiguration;
			buildSettings = {
				ASSETCATALOG_COMPILER_APPICON_NAME = AppIcon;
				INFOPLIST_FILE = simpleLogin/Info.plist;
				LD_RUNPATH_SEARCH_PATHS = "$(inherited) @executable_path/Frameworks";
				PRODUCT_BUNDLE_IDENTIFIER = co.com.rmb.simpleLogin;
				PRODUCT_NAME = "$(TARGET_NAME)";
				SWIFT_VERSION = 3.0;
			};
			name = Debug;
		};
		C70D25E81CF1045300478952 /* Release */ = {
			isa = XCBuildConfiguration;
			buildSettings = {
				ASSETCATALOG_COMPILER_APPICON_NAME = AppIcon;
				INFOPLIST_FILE = simpleLogin/Info.plist;
				LD_RUNPATH_SEARCH_PATHS = "$(inherited) @executable_path/Frameworks";
				PRODUCT_BUNDLE_IDENTIFIER = co.com.rmb.simpleLogin;
				PRODUCT_NAME = "$(TARGET_NAME)";
				SWIFT_OPTIMIZATION_LEVEL = "-Owholemodule";
				SWIFT_VERSION = 3.0;
			};
			name = Release;
		};
/* End XCBuildConfiguration section */

/* Begin XCConfigurationList section */
		C70D25CF1CF1045200478952 /* Build configuration list for PBXProject "simpleLogin" */ = {
			isa = XCConfigurationList;
			buildConfigurations = (
				C70D25E41CF1045300478952 /* Debug */,
				C70D25E51CF1045300478952 /* Release */,
			);
			defaultConfigurationIsVisible = 0;
			defaultConfigurationName = Release;
		};
		C70D25E61CF1045300478952 /* Build configuration list for PBXNativeTarget "simpleLogin" */ = {
			isa = XCConfigurationList;
			buildConfigurations = (
				C70D25E71CF1045300478952 /* Debug */,
				C70D25E81CF1045300478952 /* Release */,
			);
			defaultConfigurationIsVisible = 0;
			defaultConfigurationName = Release;
		};
/* End XCConfigurationList section */
	};
	rootObject = C70D25CC1CF1045200478952 /* Project object */;
}
